
Microsoft Visual Studio Solution File, Format Version 12.00
# Visual Studio Version 17
VisualStudioVersion = 17.0.31903.59
MinimumVisualStudioVersion = 10.0.40219.1
Project("{2150E333-8FDC-42A3-9474-1A3956D46DE8}") = "src", "src", "{827E0CD3-B72D-47B6-A68D-7590B98EB39B}"
EndProject
Project("{2150E333-8FDC-42A3-9474-1A3956D46DE8}") = "Users", "Users", "{8D35EFEC-78C4-8934-F699-CDC21DCDF895}"
EndProject
Project("{FAE04EC0-301F-11D3-BF4B-00C04F79EFBC}") = "Users.Domain", "src\Users\Users.Domain\Users.Domain.csproj", "{77FF9E44-9EEC-4BCB-9592-F75440CC4466}"
EndProject
Project("{FAE04EC0-301F-11D3-BF4B-00C04F79EFBC}") = "Users.Application", "src\Users\Users.Application\Users.Application.csproj", "{4898FC49-89A0-4A84-9B37-1CA4E89CC049}"
EndProject
Project("{FAE04EC0-301F-11D3-BF4B-00C04F79EFBC}") = "Users.Infrastructure", "src\Users\Users.Infrastructure\Users.Infrastructure.csproj", "{65BBA6FF-346A-40E5-80E1-19E94541BE32}"
EndProject
Project("{FAE04EC0-301F-11D3-BF4B-00C04F79EFBC}") = "Users.Presentation", "src\Users\Users.Presentation\Users.Presentation.csproj", "{936AFAC7-98CD-4B8F-BC56-11F93A72B9EA}"
EndProject
Project("{FAE04EC0-301F-11D3-BF4B-00C04F79EFBC}") = "Users.Tests", "tests\Users.Tests\Users.Tests.csproj", "{E61B8FF7-A137-4C2C-9332-6759919940F6}"
EndProject
Project("{2150E333-8FDC-42A3-9474-1A3956D46DE8}") = "Events", "Events", "{F8429904-7E2C-C2A1-B646-27B8C804A29C}"
EndProject
Project("{FAE04EC0-301F-11D3-BF4B-00C04F79EFBC}") = "Events.Domain", "src\Events\Events.Domain\Events.Domain.csproj", "{3319B601-26FE-472C-AB2F-F3E12CB845D5}"
EndProject
Project("{FAE04EC0-301F-11D3-BF4B-00C04F79EFBC}") = "Events.Application", "src\Events\Events.Application\Events.Application.csproj", "{6721B492-2D2D-4104-BD8D-C0E406542087}"
EndProject
Project("{FAE04EC0-301F-11D3-BF4B-00C04F79EFBC}") = "Events.Infrastructure", "src\Events\Events.Infrastructure\Events.Infrastructure.csproj", "{95256A5C-6712-4B02-8E69-653E4745DD0F}"
EndProject
Project("{FAE04EC0-301F-11D3-BF4B-00C04F79EFBC}") = "Events.Presentation", "src\Events\Events.Presentation\Events.Presentation.csproj", "{39F6A7CB-541F-41DB-A182-9E060BFB4A08}"
EndProject
Project("{FAE04EC0-301F-11D3-BF4B-00C04F79EFBC}") = "Events.Tests", "tests\Events.Tests\Events.Tests.csproj", "{5BD1F43D-2BD5-4FC4-9171-17C7A7E070F4}"
EndProject
Project("{2150E333-8FDC-42A3-9474-1A3956D46DE8}") = "Bookings", "Bookings", "{A3FD96FA-080B-1949-C19C-74D13802BED7}"
EndProject
Project("{FAE04EC0-301F-11D3-BF4B-00C04F79EFBC}") = "Bookings.Domain", "src\Bookings\Bookings.Domain\Bookings.Domain.csproj", "{44BBB4B1-1DBB-4288-93C0-ECC9629A4806}"
EndProject
Project("{FAE04EC0-301F-11D3-BF4B-00C04F79EFBC}") = "Bookings.Application", "src\Bookings\Bookings.Application\Bookings.Application.csproj", "{40EB8F93-C1CD-434E-8D63-69E4C5A9B58F}"
EndProject
Project("{FAE04EC0-301F-11D3-BF4B-00C04F79EFBC}") = "Bookings.Infrastructure", "src\Bookings\Bookings.Infrastructure\Bookings.Infrastructure.csproj", "{51E29A09-8A11-4308-B2CC-D745F1358330}"
EndProject
Project("{FAE04EC0-301F-11D3-BF4B-00C04F79EFBC}") = "Bookings.Presentation", "src\Bookings\Bookings.Presentation\Bookings.Presentation.csproj", "{03DA01A3-3D66-4E1A-941E-9E5082E2F3DA}"
EndProject
Project("{FAE04EC0-301F-11D3-BF4B-00C04F79EFBC}") = "Bookings.Tests", "tests\Bookings.Tests\Bookings.Tests.csproj", "{17523933-439D-49A6-82E3-D7040AF5D6E8}"
EndProject
Project("{2150E333-8FDC-42A3-9474-1A3956D46DE8}") = "Shared", "Shared", "{C8E42992-5E42-0C2B-DBFE-AA848D06431C}"
EndProject
Project("{FAE04EC0-301F-11D3-BF4B-00C04F79EFBC}") = "BookingContracts", "src\Shared\BookingContracts\BookingContracts.csproj", "{BD885273-A5AD-4BF8-B050-00F13DF3D017}"
EndProject
Global
	GlobalSection(SolutionConfigurationPlatforms) = preSolution
		Debug|Any CPU = Debug|Any CPU
		Debug|x64 = Debug|x64
		Debug|x86 = Debug|x86
		Release|Any CPU = Release|Any CPU
		Release|x64 = Release|x64
		Release|x86 = Release|x86
	EndGlobalSection
	GlobalSection(ProjectConfigurationPlatforms) = postSolution
		{77FF9E44-9EEC-4BCB-9592-F75440CC4466}.Debug|Any CPU.ActiveCfg = Debug|Any CPU
		{77FF9E44-9EEC-4BCB-9592-F75440CC4466}.Debug|Any CPU.Build.0 = Debug|Any CPU
		{77FF9E44-9EEC-4BCB-9592-F75440CC4466}.Debug|x64.ActiveCfg = Debug|Any CPU
		{77FF9E44-9EEC-4BCB-9592-F75440CC4466}.Debug|x64.Build.0 = Debug|Any CPU
		{77FF9E44-9EEC-4BCB-9592-F75440CC4466}.Debug|x86.ActiveCfg = Debug|Any CPU
		{77FF9E44-9EEC-4BCB-9592-F75440CC4466}.Debug|x86.Build.0 = Debug|Any CPU
		{77FF9E44-9EEC-4BCB-9592-F75440CC4466}.Release|Any CPU.ActiveCfg = Release|Any CPU
		{77FF9E44-9EEC-4BCB-9592-F75440CC4466}.Release|Any CPU.Build.0 = Release|Any CPU
		{77FF9E44-9EEC-4BCB-9592-F75440CC4466}.Release|x64.ActiveCfg = Release|Any CPU
		{77FF9E44-9EEC-4BCB-9592-F75440CC4466}.Release|x64.Build.0 = Release|Any CPU
		{77FF9E44-9EEC-4BCB-9592-F75440CC4466}.Release|x86.ActiveCfg = Release|Any CPU
		{77FF9E44-9EEC-4BCB-9592-F75440CC4466}.Release|x86.Build.0 = Release|Any CPU
		{4898FC49-89A0-4A84-9B37-1CA4E89CC049}.Debug|Any CPU.ActiveCfg = Debug|Any CPU
		{4898FC49-89A0-4A84-9B37-1CA4E89CC049}.Debug|Any CPU.Build.0 = Debug|Any CPU
		{4898FC49-89A0-4A84-9B37-1CA4E89CC049}.Debug|x64.ActiveCfg = Debug|Any CPU
		{4898FC49-89A0-4A84-9B37-1CA4E89CC049}.Debug|x64.Build.0 = Debug|Any CPU
		{4898FC49-89A0-4A84-9B37-1CA4E89CC049}.Debug|x86.ActiveCfg = Debug|Any CPU
		{4898FC49-89A0-4A84-9B37-1CA4E89CC049}.Debug|x86.Build.0 = Debug|Any CPU
		{4898FC49-89A0-4A84-9B37-1CA4E89CC049}.Release|Any CPU.ActiveCfg = Release|Any CPU
		{4898FC49-89A0-4A84-9B37-1CA4E89CC049}.Release|Any CPU.Build.0 = Release|Any CPU
		{4898FC49-89A0-4A84-9B37-1CA4E89CC049}.Release|x64.ActiveCfg = Release|Any CPU
		{4898FC49-89A0-4A84-9B37-1CA4E89CC049}.Release|x64.Build.0 = Release|Any CPU
		{4898FC49-89A0-4A84-9B37-1CA4E89CC049}.Release|x86.ActiveCfg = Release|Any CPU
		{4898FC49-89A0-4A84-9B37-1CA4E89CC049}.Release|x86.Build.0 = Release|Any CPU
		{65BBA6FF-346A-40E5-80E1-19E94541BE32}.Debug|Any CPU.ActiveCfg = Debug|Any CPU
		{65BBA6FF-346A-40E5-80E1-19E94541BE32}.Debug|Any CPU.Build.0 = Debug|Any CPU
		{65BBA6FF-346A-40E5-80E1-19E94541BE32}.Debug|x64.ActiveCfg = Debug|Any CPU
		{65BBA6FF-346A-40E5-80E1-19E94541BE32}.Debug|x64.Build.0 = Debug|Any CPU
		{65BBA6FF-346A-40E5-80E1-19E94541BE32}.Debug|x86.ActiveCfg = Debug|Any CPU
		{65BBA6FF-346A-40E5-80E1-19E94541BE32}.Debug|x86.Build.0 = Debug|Any CPU
		{65BBA6FF-346A-40E5-80E1-19E94541BE32}.Release|Any CPU.ActiveCfg = Release|Any CPU
		{65BBA6FF-346A-40E5-80E1-19E94541BE32}.Release|Any CPU.Build.0 = Release|Any CPU
		{65BBA6FF-346A-40E5-80E1-19E94541BE32}.Release|x64.ActiveCfg = Release|Any CPU
		{65BBA6FF-346A-40E5-80E1-19E94541BE32}.Release|x64.Build.0 = Release|Any CPU
		{65BBA6FF-346A-40E5-80E1-19E94541BE32}.Release|x86.ActiveCfg = Release|Any CPU
		{65BBA6FF-346A-40E5-80E1-19E94541BE32}.Release|x86.Build.0 = Release|Any CPU
		{936AFAC7-98CD-4B8F-BC56-11F93A72B9EA}.Debug|Any CPU.ActiveCfg = Debug|Any CPU
		{936AFAC7-98CD-4B8F-BC56-11F93A72B9EA}.Debug|Any CPU.Build.0 = Debug|Any CPU
		{936AFAC7-98CD-4B8F-BC56-11F93A72B9EA}.Debug|x64.ActiveCfg = Debug|Any CPU
		{936AFAC7-98CD-4B8F-BC56-11F93A72B9EA}.Debug|x64.Build.0 = Debug|Any CPU
		{936AFAC7-98CD-4B8F-BC56-11F93A72B9EA}.Debug|x86.ActiveCfg = Debug|Any CPU
		{936AFAC7-98CD-4B8F-BC56-11F93A72B9EA}.Debug|x86.Build.0 = Debug|Any CPU
		{936AFAC7-98CD-4B8F-BC56-11F93A72B9EA}.Release|Any CPU.ActiveCfg = Release|Any CPU
		{936AFAC7-98CD-4B8F-BC56-11F93A72B9EA}.Release|Any CPU.Build.0 = Release|Any CPU
		{936AFAC7-98CD-4B8F-BC56-11F93A72B9EA}.Release|x64.ActiveCfg = Release|Any CPU
		{936AFAC7-98CD-4B8F-BC56-11F93A72B9EA}.Release|x64.Build.0 = Release|Any CPU
		{936AFAC7-98CD-4B8F-BC56-11F93A72B9EA}.Release|x86.ActiveCfg = Release|Any CPU
		{936AFAC7-98CD-4B8F-BC56-11F93A72B9EA}.Release|x86.Build.0 = Release|Any CPU
		{E61B8FF7-A137-4C2C-9332-6759919940F6}.Debug|Any CPU.ActiveCfg = Debug|Any CPU
		{E61B8FF7-A137-4C2C-9332-6759919940F6}.Debug|Any CPU.Build.0 = Debug|Any CPU
		{E61B8FF7-A137-4C2C-9332-6759919940F6}.Debug|x64.ActiveCfg = Debug|Any CPU
		{E61B8FF7-A137-4C2C-9332-6759919940F6}.Debug|x64.Build.0 = Debug|Any CPU
		{E61B8FF7-A137-4C2C-9332-6759919940F6}.Debug|x86.ActiveCfg = Debug|Any CPU
		{E61B8FF7-A137-4C2C-9332-6759919940F6}.Debug|x86.Build.0 = Debug|Any CPU
		{E61B8FF7-A137-4C2C-9332-6759919940F6}.Release|Any CPU.ActiveCfg = Release|Any CPU
		{E61B8FF7-A137-4C2C-9332-6759919940F6}.Release|Any CPU.Build.0 = Release|Any CPU
		{E61B8FF7-A137-4C2C-9332-6759919940F6}.Release|x64.ActiveCfg = Release|Any CPU
		{E61B8FF7-A137-4C2C-9332-6759919940F6}.Release|x64.Build.0 = Release|Any CPU
		{E61B8FF7-A137-4C2C-9332-6759919940F6}.Release|x86.ActiveCfg = Release|Any CPU
		{E61B8FF7-A137-4C2C-9332-6759919940F6}.Release|x86.Build.0 = Release|Any CPU
		{3319B601-26FE-472C-AB2F-F3E12CB845D5}.Debug|Any CPU.ActiveCfg = Debug|Any CPU
		{3319B601-26FE-472C-AB2F-F3E12CB845D5}.Debug|Any CPU.Build.0 = Debug|Any CPU
		{3319B601-26FE-472C-AB2F-F3E12CB845D5}.Debug|x64.ActiveCfg = Debug|Any CPU
		{3319B601-26FE-472C-AB2F-F3E12CB845D5}.Debug|x64.Build.0 = Debug|Any CPU
		{3319B601-26FE-472C-AB2F-F3E12CB845D5}.Debug|x86.ActiveCfg = Debug|Any CPU
		{3319B601-26FE-472C-AB2F-F3E12CB845D5}.Debug|x86.Build.0 = Debug|Any CPU
		{3319B601-26FE-472C-AB2F-F3E12CB845D5}.Release|Any CPU.ActiveCfg = Release|Any CPU
		{3319B601-26FE-472C-AB2F-F3E12CB845D5}.Release|Any CPU.Build.0 = Release|Any CPU
		{3319B601-26FE-472C-AB2F-F3E12CB845D5}.Release|x64.ActiveCfg = Release|Any CPU
		{3319B601-26FE-472C-AB2F-F3E12CB845D5}.Release|x64.Build.0 = Release|Any CPU
		{3319B601-26FE-472C-AB2F-F3E12CB845D5}.Release|x86.ActiveCfg = Release|Any CPU
		{3319B601-26FE-472C-AB2F-F3E12CB845D5}.Release|x86.Build.0 = Release|Any CPU
		{6721B492-2D2D-4104-BD8D-C0E406542087}.Debug|Any CPU.ActiveCfg = Debug|Any CPU
		{6721B492-2D2D-4104-BD8D-C0E406542087}.Debug|Any CPU.Build.0 = Debug|Any CPU
		{6721B492-2D2D-4104-BD8D-C0E406542087}.Debug|x64.ActiveCfg = Debug|Any CPU
		{6721B492-2D2D-4104-BD8D-C0E406542087}.Debug|x64.Build.0 = Debug|Any CPU
		{6721B492-2D2D-4104-BD8D-C0E406542087}.Debug|x86.ActiveCfg = Debug|Any CPU
		{6721B492-2D2D-4104-BD8D-C0E406542087}.Debug|x86.Build.0 = Debug|Any CPU
		{6721B492-2D2D-4104-BD8D-C0E406542087}.Release|Any CPU.ActiveCfg = Release|Any CPU
		{6721B492-2D2D-4104-BD8D-C0E406542087}.Release|Any CPU.Build.0 = Release|Any CPU
		{6721B492-2D2D-4104-BD8D-C0E406542087}.Release|x64.ActiveCfg = Release|Any CPU
		{6721B492-2D2D-4104-BD8D-C0E406542087}.Release|x64.Build.0 = Release|Any CPU
		{6721B492-2D2D-4104-BD8D-C0E406542087}.Release|x86.ActiveCfg = Release|Any CPU
		{6721B492-2D2D-4104-BD8D-C0E406542087}.Release|x86.Build.0 = Release|Any CPU
		{95256A5C-6712-4B02-8E69-653E4745DD0F}.Debug|Any CPU.ActiveCfg = Debug|Any CPU
		{95256A5C-6712-4B02-8E69-653E4745DD0F}.Debug|Any CPU.Build.0 = Debug|Any CPU
		{95256A5C-6712-4B02-8E69-653E4745DD0F}.Debug|x64.ActiveCfg = Debug|Any CPU
		{95256A5C-6712-4B02-8E69-653E4745DD0F}.Debug|x64.Build.0 = Debug|Any CPU
		{95256A5C-6712-4B02-8E69-653E4745DD0F}.Debug|x86.ActiveCfg = Debug|Any CPU
		{95256A5C-6712-4B02-8E69-653E4745DD0F}.Debug|x86.Build.0 = Debug|Any CPU
		{95256A5C-6712-4B02-8E69-653E4745DD0F}.Release|Any CPU.ActiveCfg = Release|Any CPU
		{95256A5C-6712-4B02-8E69-653E4745DD0F}.Release|Any CPU.Build.0 = Release|Any CPU
		{95256A5C-6712-4B02-8E69-653E4745DD0F}.Release|x64.ActiveCfg = Release|Any CPU
		{95256A5C-6712-4B02-8E69-653E4745DD0F}.Release|x64.Build.0 = Release|Any CPU
		{95256A5C-6712-4B02-8E69-653E4745DD0F}.Release|x86.ActiveCfg = Release|Any CPU
		{95256A5C-6712-4B02-8E69-653E4745DD0F}.Release|x86.Build.0 = Release|Any CPU
		{39F6A7CB-541F-41DB-A182-9E060BFB4A08}.Debug|Any CPU.ActiveCfg = Debug|Any CPU
		{39F6A7CB-541F-41DB-A182-9E060BFB4A08}.Debug|Any CPU.Build.0 = Debug|Any CPU
		{39F6A7CB-541F-41DB-A182-9E060BFB4A08}.Debug|x64.ActiveCfg = Debug|Any CPU
		{39F6A7CB-541F-41DB-A182-9E060BFB4A08}.Debug|x64.Build.0 = Debug|Any CPU
		{39F6A7CB-541F-41DB-A182-9E060BFB4A08}.Debug|x86.ActiveCfg = Debug|Any CPU
		{39F6A7CB-541F-41DB-A182-9E060BFB4A08}.Debug|x86.Build.0 = Debug|Any CPU
		{39F6A7CB-541F-41DB-A182-9E060BFB4A08}.Release|Any CPU.ActiveCfg = Release|Any CPU
		{39F6A7CB-541F-41DB-A182-9E060BFB4A08}.Release|Any CPU.Build.0 = Release|Any CPU
		{39F6A7CB-541F-41DB-A182-9E060BFB4A08}.Release|x64.ActiveCfg = Release|Any CPU
		{39F6A7CB-541F-41DB-A182-9E060BFB4A08}.Release|x64.Build.0 = Release|Any CPU
		{39F6A7CB-541F-41DB-A182-9E060BFB4A08}.Release|x86.ActiveCfg = Release|Any CPU
		{39F6A7CB-541F-41DB-A182-9E060BFB4A08}.Release|x86.Build.0 = Release|Any CPU
		{5BD1F43D-2BD5-4FC4-9171-17C7A7E070F4}.Debug|Any CPU.ActiveCfg = Debug|Any CPU
		{5BD1F43D-2BD5-4FC4-9171-17C7A7E070F4}.Debug|Any CPU.Build.0 = Debug|Any CPU
		{5BD1F43D-2BD5-4FC4-9171-17C7A7E070F4}.Debug|x64.ActiveCfg = Debug|Any CPU
		{5BD1F43D-2BD5-4FC4-9171-17C7A7E070F4}.Debug|x64.Build.0 = Debug|Any CPU
		{5BD1F43D-2BD5-4FC4-9171-17C7A7E070F4}.Debug|x86.ActiveCfg = Debug|Any CPU
		{5BD1F43D-2BD5-4FC4-9171-17C7A7E070F4}.Debug|x86.Build.0 = Debug|Any CPU
		{5BD1F43D-2BD5-4FC4-9171-17C7A7E070F4}.Release|Any CPU.ActiveCfg = Release|Any CPU
		{5BD1F43D-2BD5-4FC4-9171-17C7A7E070F4}.Release|Any CPU.Build.0 = Release|Any CPU
		{5BD1F43D-2BD5-4FC4-9171-17C7A7E070F4}.Release|x64.ActiveCfg = Release|Any CPU
		{5BD1F43D-2BD5-4FC4-9171-17C7A7E070F4}.Release|x64.Build.0 = Release|Any CPU
		{5BD1F43D-2BD5-4FC4-9171-17C7A7E070F4}.Release|x86.ActiveCfg = Release|Any CPU
		{5BD1F43D-2BD5-4FC4-9171-17C7A7E070F4}.Release|x86.Build.0 = Release|Any CPU
		{44BBB4B1-1DBB-4288-93C0-ECC9629A4806}.Debug|Any CPU.ActiveCfg = Debug|Any CPU
		{44BBB4B1-1DBB-4288-93C0-ECC9629A4806}.Debug|Any CPU.Build.0 = Debug|Any CPU
		{44BBB4B1-1DBB-4288-93C0-ECC9629A4806}.Debug|x64.ActiveCfg = Debug|Any CPU
		{44BBB4B1-1DBB-4288-93C0-ECC9629A4806}.Debug|x64.Build.0 = Debug|Any CPU
		{44BBB4B1-1DBB-4288-93C0-ECC9629A4806}.Debug|x86.ActiveCfg = Debug|Any CPU
		{44BBB4B1-1DBB-4288-93C0-ECC9629A4806}.Debug|x86.Build.0 = Debug|Any CPU
		{44BBB4B1-1DBB-4288-93C0-ECC9629A4806}.Release|Any CPU.ActiveCfg = Release|Any CPU
		{44BBB4B1-1DBB-4288-93C0-ECC9629A4806}.Release|Any CPU.Build.0 = Release|Any CPU
		{44BBB4B1-1DBB-4288-93C0-ECC9629A4806}.Release|x64.ActiveCfg = Release|Any CPU
		{44BBB4B1-1DBB-4288-93C0-ECC9629A4806}.Release|x64.Build.0 = Release|Any CPU
		{44BBB4B1-1DBB-4288-93C0-ECC9629A4806}.Release|x86.ActiveCfg = Release|Any CPU
		{44BBB4B1-1DBB-4288-93C0-ECC9629A4806}.Release|x86.Build.0 = Release|Any CPU
		{40EB8F93-C1CD-434E-8D63-69E4C5A9B58F}.Debug|Any CPU.ActiveCfg = Debug|Any CPU
		{40EB8F93-C1CD-434E-8D63-69E4C5A9B58F}.Debug|Any CPU.Build.0 = Debug|Any CPU
		{40EB8F93-C1CD-434E-8D63-69E4C5A9B58F}.Debug|x64.ActiveCfg = Debug|Any CPU
		{40EB8F93-C1CD-434E-8D63-69E4C5A9B58F}.Debug|x64.Build.0 = Debug|Any CPU
		{40EB8F93-C1CD-434E-8D63-69E4C5A9B58F}.Debug|x86.ActiveCfg = Debug|Any CPU
		{40EB8F93-C1CD-434E-8D63-69E4C5A9B58F}.Debug|x86.Build.0 = Debug|Any CPU
		{40EB8F93-C1CD-434E-8D63-69E4C5A9B58F}.Release|Any CPU.ActiveCfg = Release|Any CPU
		{40EB8F93-C1CD-434E-8D63-69E4C5A9B58F}.Release|Any CPU.Build.0 = Release|Any CPU
		{40EB8F93-C1CD-434E-8D63-69E4C5A9B58F}.Release|x64.ActiveCfg = Release|Any CPU
		{40EB8F93-C1CD-434E-8D63-69E4C5A9B58F}.Release|x64.Build.0 = Release|Any CPU
		{40EB8F93-C1CD-434E-8D63-69E4C5A9B58F}.Release|x86.ActiveCfg = Release|Any CPU
		{40EB8F93-C1CD-434E-8D63-69E4C5A9B58F}.Release|x86.Build.0 = Release|Any CPU
		{51E29A09-8A11-4308-B2CC-D745F1358330}.Debug|Any CPU.ActiveCfg = Debug|Any CPU
		{51E29A09-8A11-4308-B2CC-D745F1358330}.Debug|Any CPU.Build.0 = Debug|Any CPU
		{51E29A09-8A11-4308-B2CC-D745F1358330}.Debug|x64.ActiveCfg = Debug|Any CPU
		{51E29A09-8A11-4308-B2CC-D745F1358330}.Debug|x64.Build.0 = Debug|Any CPU
		{51E29A09-8A11-4308-B2CC-D745F1358330}.Debug|x86.ActiveCfg = Debug|Any CPU
		{51E29A09-8A11-4308-B2CC-D745F1358330}.Debug|x86.Build.0 = Debug|Any CPU
		{51E29A09-8A11-4308-B2CC-D745F1358330}.Release|Any CPU.ActiveCfg = Release|Any CPU
		{51E29A09-8A11-4308-B2CC-D745F1358330}.Release|Any CPU.Build.0 = Release|Any CPU
		{51E29A09-8A11-4308-B2CC-D745F1358330}.Release|x64.ActiveCfg = Release|Any CPU
		{51E29A09-8A11-4308-B2CC-D745F1358330}.Release|x64.Build.0 = Release|Any CPU
		{51E29A09-8A11-4308-B2CC-D745F1358330}.Release|x86.ActiveCfg = Release|Any CPU
		{51E29A09-8A11-4308-B2CC-D745F1358330}.Release|x86.Build.0 = Release|Any CPU
		{03DA01A3-3D66-4E1A-941E-9E5082E2F3DA}.Debug|Any CPU.ActiveCfg = Debug|Any CPU
		{03DA01A3-3D66-4E1A-941E-9E5082E2F3DA}.Debug|Any CPU.Build.0 = Debug|Any CPU
		{03DA01A3-3D66-4E1A-941E-9E5082E2F3DA}.Debug|x64.ActiveCfg = Debug|Any CPU
		{03DA01A3-3D66-4E1A-941E-9E5082E2F3DA}.Debug|x64.Build.0 = Debug|Any CPU
		{03DA01A3-3D66-4E1A-941E-9E5082E2F3DA}.Debug|x86.ActiveCfg = Debug|Any CPU
		{03DA01A3-3D66-4E1A-941E-9E5082E2F3DA}.Debug|x86.Build.0 = Debug|Any CPU
		{03DA01A3-3D66-4E1A-941E-9E5082E2F3DA}.Release|Any CPU.ActiveCfg = Release|Any CPU
		{03DA01A3-3D66-4E1A-941E-9E5082E2F3DA}.Release|Any CPU.Build.0 = Release|Any CPU
		{03DA01A3-3D66-4E1A-941E-9E5082E2F3DA}.Release|x64.ActiveCfg = Release|Any CPU
		{03DA01A3-3D66-4E1A-941E-9E5082E2F3DA}.Release|x64.Build.0 = Release|Any CPU
		{03DA01A3-3D66-4E1A-941E-9E5082E2F3DA}.Release|x86.ActiveCfg = Release|Any CPU
		{03DA01A3-3D66-4E1A-941E-9E5082E2F3DA}.Release|x86.Build.0 = Release|Any CPU
		{17523933-439D-49A6-82E3-D7040AF5D6E8}.Debug|Any CPU.ActiveCfg = Debug|Any CPU
		{17523933-439D-49A6-82E3-D7040AF5D6E8}.Debug|Any CPU.Build.0 = Debug|Any CPU
		{17523933-439D-49A6-82E3-D7040AF5D6E8}.Debug|x64.ActiveCfg = Debug|Any CPU
		{17523933-439D-49A6-82E3-D7040AF5D6E8}.Debug|x64.Build.0 = Debug|Any CPU
		{17523933-439D-49A6-82E3-D7040AF5D6E8}.Debug|x86.ActiveCfg = Debug|Any CPU
		{17523933-439D-49A6-82E3-D7040AF5D6E8}.Debug|x86.Build.0 = Debug|Any CPU
		{17523933-439D-49A6-82E3-D7040AF5D6E8}.Release|Any CPU.ActiveCfg = Release|Any CPU
		{17523933-439D-49A6-82E3-D7040AF5D6E8}.Release|Any CPU.Build.0 = Release|Any CPU
		{17523933-439D-49A6-82E3-D7040AF5D6E8}.Release|x64.ActiveCfg = Release|Any CPU
		{17523933-439D-49A6-82E3-D7040AF5D6E8}.Release|x64.Build.0 = Release|Any CPU
		{17523933-439D-49A6-82E3-D7040AF5D6E8}.Release|x86.ActiveCfg = Release|Any CPU
		{17523933-439D-49A6-82E3-D7040AF5D6E8}.Release|x86.Build.0 = Release|Any CPU
		{BD885273-A5AD-4BF8-B050-00F13DF3D017}.Debug|Any CPU.ActiveCfg = Debug|Any CPU
		{BD885273-A5AD-4BF8-B050-00F13DF3D017}.Debug|Any CPU.Build.0 = Debug|Any CPU
		{BD885273-A5AD-4BF8-B050-00F13DF3D017}.Debug|x64.ActiveCfg = Debug|Any CPU
		{BD885273-A5AD-4BF8-B050-00F13DF3D017}.Debug|x64.Build.0 = Debug|Any CPU
		{BD885273-A5AD-4BF8-B050-00F13DF3D017}.Debug|x86.ActiveCfg = Debug|Any CPU
		{BD885273-A5AD-4BF8-B050-00F13DF3D017}.Debug|x86.Build.0 = Debug|Any CPU
		{BD885273-A5AD-4BF8-B050-00F13DF3D017}.Release|Any CPU.ActiveCfg = Release|Any CPU
		{BD885273-A5AD-4BF8-B050-00F13DF3D017}.Release|Any CPU.Build.0 = Release|Any CPU
		{BD885273-A5AD-4BF8-B050-00F13DF3D017}.Release|x64.ActiveCfg = Release|Any CPU
		{BD885273-A5AD-4BF8-B050-00F13DF3D017}.Release|x64.Build.0 = Release|Any CPU
		{BD885273-A5AD-4BF8-B050-00F13DF3D017}.Release|x86.ActiveCfg = Release|Any CPU
		{BD885273-A5AD-4BF8-B050-00F13DF3D017}.Release|x86.Build.0 = Release|Any CPU
	EndGlobalSection
	GlobalSection(SolutionProperties) = preSolution
		HideSolutionNode = FALSE
	EndGlobalSection
	GlobalSection(NestedProjects) = preSolution
		{8D35EFEC-78C4-8934-F699-CDC21DCDF895} = {827E0CD3-B72D-47B6-A68D-7590B98EB39B}
		{77FF9E44-9EEC-4BCB-9592-F75440CC4466} = {8D35EFEC-78C4-8934-F699-CDC21DCDF895}
		{4898FC49-89A0-4A84-9B37-1CA4E89CC049} = {8D35EFEC-78C4-8934-F699-CDC21DCDF895}
		{65BBA6FF-346A-40E5-80E1-19E94541BE32} = {8D35EFEC-78C4-8934-F699-CDC21DCDF895}
		{936AFAC7-98CD-4B8F-BC56-11F93A72B9EA} = {8D35EFEC-78C4-8934-F699-CDC21DCDF895}
		{E61B8FF7-A137-4C2C-9332-6759919940F6} = {8D35EFEC-78C4-8934-F699-CDC21DCDF895}
		{F8429904-7E2C-C2A1-B646-27B8C804A29C} = {827E0CD3-B72D-47B6-A68D-7590B98EB39B}
		{3319B601-26FE-472C-AB2F-F3E12CB845D5} = {F8429904-7E2C-C2A1-B646-27B8C804A29C}
		{6721B492-2D2D-4104-BD8D-C0E406542087} = {F8429904-7E2C-C2A1-B646-27B8C804A29C}
		{95256A5C-6712-4B02-8E69-653E4745DD0F} = {F8429904-7E2C-C2A1-B646-27B8C804A29C}
		{39F6A7CB-541F-41DB-A182-9E060BFB4A08} = {F8429904-7E2C-C2A1-B646-27B8C804A29C}
		{5BD1F43D-2BD5-4FC4-9171-17C7A7E070F4} = {F8429904-7E2C-C2A1-B646-27B8C804A29C}
		{A3FD96FA-080B-1949-C19C-74D13802BED7} = {827E0CD3-B72D-47B6-A68D-7590B98EB39B}
		{44BBB4B1-1DBB-4288-93C0-ECC9629A4806} = {A3FD96FA-080B-1949-C19C-74D13802BED7}
		{40EB8F93-C1CD-434E-8D63-69E4C5A9B58F} = {A3FD96FA-080B-1949-C19C-74D13802BED7}
		{51E29A09-8A11-4308-B2CC-D745F1358330} = {A3FD96FA-080B-1949-C19C-74D13802BED7}
		{03DA01A3-3D66-4E1A-941E-9E5082E2F3DA} = {A3FD96FA-080B-1949-C19C-74D13802BED7}
		{17523933-439D-49A6-82E3-D7040AF5D6E8} = {A3FD96FA-080B-1949-C19C-74D13802BED7}
		{C8E42992-5E42-0C2B-DBFE-AA848D06431C} = {827E0CD3-B72D-47B6-A68D-7590B98EB39B}
		{BD885273-A5AD-4BF8-B050-00F13DF3D017} = {C8E42992-5E42-0C2B-DBFE-AA848D06431C}
	EndGlobalSection
EndGlobal
